
Microsoft Visual Studio Solution File, Format Version 12.00
# Visual Studio Version 16
VisualStudioVersion = 16.0.28803.202
MinimumVisualStudioVersion = 10.0.40219.1
Project("{FAE04EC0-301F-11D3-BF4B-00C04F79EFBC}") = "UGNITE - Update Utility", "UGNITE - Update Utility.csproj", "{F33BAD19-1D05-4AB2-8800-1015EB98D92E}"
EndProject
Global
	GlobalSection(SolutionConfigurationPlatforms) = preSolution
		Debug|Any CPU = Debug|Any CPU
		Release|Any CPU = Release|Any CPU
	EndGlobalSection
	GlobalSection(ProjectConfigurationPlatforms) = postSolution
		{F33BAD19-1D05-4AB2-8800-1015EB98D92E}.Debug|Any CPU.ActiveCfg = Debug|Any CPU
		{F33BAD19-1D05-4AB2-8800-1015EB98D92E}.Debug|Any CPU.Build.0 = Debug|Any CPU
		{F33BAD19-1D05-4AB2-8800-1015EB98D92E}.Release|Any CPU.ActiveCfg = Release|Any CPU
		{F33BAD19-1D05-4AB2-8800-1015EB98D92E}.Release|Any CPU.Build.0 = Release|Any CPU
	EndGlobalSection
	GlobalSection(SolutionProperties) = preSolution
		HideSolutionNode = FALSE
	EndGlobalSection
	GlobalSection(ExtensibilityGlobals) = postSolution
		SolutionGuid = {15B0DDEF-C11E-4945-95AE-1B4B0BD129E0}
	EndGlobalSection
EndGlobal
